{
    "_readme": [
        "This file locks the dependencies of your project to a known state",
        "Read more about it at https://getcomposer.org/doc/01-basic-usage.md#installing-dependencies",
        "This file is @generated automatically"
    ],
    "content-hash": "420edbfed854746ed4d8a6f5c4afe194",
    "packages": [
        {
            "name": "psr/container",
            "version": "1.0.0",
            "source": {
                "type": "git",
                "url": "https://github.com/php-fig/container.git",
                "reference": "b7ce3b176482dbbc1245ebf52b181af44c2cf55f"
            },
            "dist": {
                "type": "zip",
                "url": "https://api.github.com/repos/php-fig/container/zipball/b7ce3b176482dbbc1245ebf52b181af44c2cf55f",
                "reference": "b7ce3b176482dbbc1245ebf52b181af44c2cf55f",
                "shasum": ""
            },
            "require": {
                "php": ">=5.3.0"
            },
            "type": "library",
            "extra": {
                "branch-alias": {
                    "dev-master": "1.0.x-dev"
                }
            },
            "autoload": {
                "psr-4": {
                    "Psr\\Container\\": "src/"
                }
            },
            "notification-url": "https://packagist.org/downloads/",
            "license": [
                "MIT"
            ],
            "authors": [
                {
                    "name": "PHP-FIG",
                    "homepage": "http://www.php-fig.org/"
                }
            ],
            "description": "Common Container Interface (PHP FIG PSR-11)",
            "homepage": "https://github.com/php-fig/container",
            "keywords": [
                "PSR-11",
                "container",
                "container-interface",
                "container-interop",
                "psr"
            ],
            "time": "2017-02-14T16:28:37+00:00"
        },
        {
            "name": "psr/log",
            "version": "1.0.2",
            "source": {
                "type": "git",
                "url": "https://github.com/php-fig/log.git",
                "reference": "4ebe3a8bf773a19edfe0a84b6585ba3d401b724d"
            },
            "dist": {
                "type": "zip",
                "url": "https://api.github.com/repos/php-fig/log/zipball/4ebe3a8bf773a19edfe0a84b6585ba3d401b724d",
                "reference": "4ebe3a8bf773a19edfe0a84b6585ba3d401b724d",
                "shasum": ""
            },
            "require": {
                "php": ">=5.3.0"
            },
            "type": "library",
            "extra": {
                "branch-alias": {
                    "dev-master": "1.0.x-dev"
                }
            },
            "autoload": {
                "psr-4": {
                    "Psr\\Log\\": "Psr/Log/"
                }
            },
            "notification-url": "https://packagist.org/downloads/",
            "license": [
                "MIT"
            ],
            "authors": [
                {
                    "name": "PHP-FIG",
                    "homepage": "http://www.php-fig.org/"
                }
            ],
            "description": "Common interface for logging libraries",
            "homepage": "https://github.com/php-fig/log",
            "keywords": [
                "log",
                "psr",
                "psr-3"
            ],
            "time": "2016-10-10T12:19:37+00:00"
        },
        {
            "name": "psr/simple-cache",
            "version": "1.0.1",
            "source": {
                "type": "git",
                "url": "https://github.com/php-fig/simple-cache.git",
                "reference": "408d5eafb83c57f6365a3ca330ff23aa4a5fa39b"
            },
            "dist": {
                "type": "zip",
                "url": "https://api.github.com/repos/php-fig/simple-cache/zipball/408d5eafb83c57f6365a3ca330ff23aa4a5fa39b",
                "reference": "408d5eafb83c57f6365a3ca330ff23aa4a5fa39b",
                "shasum": ""
            },
            "require": {
                "php": ">=5.3.0"
            },
            "type": "library",
            "extra": {
                "branch-alias": {
                    "dev-master": "1.0.x-dev"
                }
            },
            "autoload": {
                "psr-4": {
                    "Psr\\SimpleCache\\": "src/"
                }
            },
            "notification-url": "https://packagist.org/downloads/",
            "license": [
                "MIT"
            ],
            "authors": [
                {
                    "name": "PHP-FIG",
                    "homepage": "http://www.php-fig.org/"
                }
            ],
            "description": "Common interfaces for simple caching",
            "keywords": [
                "cache",
                "caching",
                "psr",
                "psr-16",
                "simple-cache"
            ],
            "time": "2017-10-23T01:57:42+00:00"
        },
        {
            "name": "symfony/polyfill-ctype",
            "version": "v1.10.0",
            "source": {
                "type": "git",
                "url": "https://github.com/symfony/polyfill-ctype.git",
                "reference": "e3d826245268269cd66f8326bd8bc066687b4a19"
            },
            "dist": {
                "type": "zip",
                "url": "https://api.github.com/repos/symfony/polyfill-ctype/zipball/e3d826245268269cd66f8326bd8bc066687b4a19",
                "reference": "e3d826245268269cd66f8326bd8bc066687b4a19",
                "shasum": ""
            },
            "require": {
                "php": ">=5.3.3"
            },
            "suggest": {
                "ext-ctype": "For best performance"
            },
            "type": "library",
            "extra": {
                "branch-alias": {
                    "dev-master": "1.9-dev"
                }
            },
            "autoload": {
                "psr-4": {
                    "Symfony\\Polyfill\\Ctype\\": ""
                },
                "files": [
                    "bootstrap.php"
                ]
            },
            "notification-url": "https://packagist.org/downloads/",
            "license": [
                "MIT"
            ],
            "authors": [
                {
                    "name": "Symfony Community",
                    "homepage": "https://symfony.com/contributors"
                },
                {
                    "name": "Gert de Pagter",
                    "email": "BackEndTea@gmail.com"
                }
            ],
            "description": "Symfony polyfill for ctype functions",
            "homepage": "https://symfony.com",
            "keywords": [
                "compatibility",
                "ctype",
                "polyfill",
                "portable"
            ],
            "time": "2018-08-06T14:22:27+00:00"
        },
        {
            "name": "symfony/polyfill-mbstring",
            "version": "v1.10.0",
            "source": {
                "type": "git",
                "url": "https://github.com/symfony/polyfill-mbstring.git",
                "reference": "c79c051f5b3a46be09205c73b80b346e4153e494"
            },
            "dist": {
                "type": "zip",
                "url": "https://api.github.com/repos/symfony/polyfill-mbstring/zipball/c79c051f5b3a46be09205c73b80b346e4153e494",
                "reference": "c79c051f5b3a46be09205c73b80b346e4153e494",
                "shasum": ""
            },
            "require": {
                "php": ">=5.3.3"
            },
            "suggest": {
                "ext-mbstring": "For best performance"
            },
            "type": "library",
            "extra": {
                "branch-alias": {
                    "dev-master": "1.9-dev"
                }
            },
            "autoload": {
                "psr-4": {
                    "Symfony\\Polyfill\\Mbstring\\": ""
                },
                "files": [
                    "bootstrap.php"
                ]
            },
            "notification-url": "https://packagist.org/downloads/",
            "license": [
                "MIT"
            ],
            "authors": [
                {
                    "name": "Nicolas Grekas",
                    "email": "p@tchwork.com"
                },
                {
                    "name": "Symfony Community",
                    "homepage": "https://symfony.com/contributors"
                }
            ],
            "description": "Symfony polyfill for the Mbstring extension",
            "homepage": "https://symfony.com",
            "keywords": [
                "compatibility",
                "mbstring",
                "polyfill",
                "portable",
                "shim"
            ],
            "time": "2018-09-21T13:07:52+00:00"
        },
        {
            "name": "symfony/yaml",
            "version": "v3.4.17",
            "source": {
                "type": "git",
                "url": "https://github.com/symfony/yaml.git",
                "reference": "640b6c27fed4066d64b64d5903a86043f4a4de7f"
            },
            "dist": {
                "type": "zip",
                "url": "https://api.github.com/repos/symfony/yaml/zipball/640b6c27fed4066d64b64d5903a86043f4a4de7f",
                "reference": "640b6c27fed4066d64b64d5903a86043f4a4de7f",
                "shasum": ""
            },
            "require": {
                "php": "^5.5.9|>=7.0.8",
                "symfony/polyfill-ctype": "~1.8"
            },
            "conflict": {
                "symfony/console": "<3.4"
            },
            "require-dev": {
                "symfony/console": "~3.4|~4.0"
            },
            "suggest": {
                "symfony/console": "For validating YAML files using the lint command"
            },
            "type": "library",
            "extra": {
                "branch-alias": {
                    "dev-master": "3.4-dev"
                }
            },
            "autoload": {
                "psr-4": {
                    "Symfony\\Component\\Yaml\\": ""
                },
                "exclude-from-classmap": [
                    "/Tests/"
                ]
            },
            "notification-url": "https://packagist.org/downloads/",
            "license": [
                "MIT"
            ],
            "authors": [
                {
                    "name": "Fabien Potencier",
                    "email": "fabien@symfony.com"
                },
                {
                    "name": "Symfony Community",
                    "homepage": "https://symfony.com/contributors"
                }
            ],
            "description": "Symfony Yaml Component",
            "homepage": "https://symfony.com",
            "time": "2018-10-02T16:33:53+00:00"
        },
        {
            "name": "twig/twig",
            "version": "v2.5.0",
            "source": {
                "type": "git",
                "url": "https://github.com/twigphp/Twig.git",
                "reference": "6a5f676b77a90823c2d4eaf76137b771adf31323"
            },
            "dist": {
                "type": "zip",
                "url": "https://api.github.com/repos/twigphp/Twig/zipball/6a5f676b77a90823c2d4eaf76137b771adf31323",
                "reference": "6a5f676b77a90823c2d4eaf76137b771adf31323",
                "shasum": ""
            },
            "require": {
                "php": "^7.0",
                "symfony/polyfill-ctype": "^1.8",
                "symfony/polyfill-mbstring": "~1.0"
            },
            "require-dev": {
                "psr/container": "^1.0",
                "symfony/debug": "^2.7",
                "symfony/phpunit-bridge": "^3.3"
            },
            "type": "library",
            "extra": {
                "branch-alias": {
                    "dev-master": "2.5-dev"
                }
            },
            "autoload": {
                "psr-0": {
                    "Twig_": "lib/"
                },
                "psr-4": {
                    "Twig\\": "src/"
                }
            },
            "notification-url": "https://packagist.org/downloads/",
            "license": [
                "BSD-3-Clause"
            ],
            "authors": [
                {
                    "name": "Fabien Potencier",
                    "email": "fabien@symfony.com",
                    "homepage": "http://fabien.potencier.org",
                    "role": "Lead Developer"
                },
                {
                    "name": "Armin Ronacher",
                    "email": "armin.ronacher@active-4.com",
                    "role": "Project Founder"
                },
                {
                    "name": "Twig Team",
                    "homepage": "https://twig.symfony.com/contributors",
                    "role": "Contributors"
                }
            ],
            "description": "Twig, the flexible, fast, and secure template language for PHP",
            "homepage": "https://twig.symfony.com",
            "keywords": [
                "templating"
            ],
            "time": "2018-07-13T07:18:09+00:00"
        },
        {
            "name": "yiisoft/cache",
            "version": "dev-master",
            "source": {
                "type": "git",
                "url": "https://github.com/yiisoft/cache.git",
                "reference": "95dba0763b1376dfd07fa1f25ac98fc114a09815"
            },
            "dist": {
                "type": "zip",
                "url": "https://api.github.com/repos/yiisoft/cache/zipball/95dba0763b1376dfd07fa1f25ac98fc114a09815",
                "reference": "95dba0763b1376dfd07fa1f25ac98fc114a09815",
                "shasum": ""
            },
            "require": {
                "ext-ctype": "*",
                "ext-json": "*",
                "php": ">=7.1.0",
                "psr/simple-cache": "~1.0.0"
            },
            "provide": {
                "psr/simple-cache-implementation": "1.0.0"
            },
            "require-dev": {
                "hiqdev/composer-config-plugin": "^1.0@dev",
                "phpunit/phpunit": "^7.2",
                "yiisoft/db": "^3.0@dev",
                "yiisoft/db-sqlite": "^3.0@dev",
                "yiisoft/di": "^3.0@dev",
                "yiisoft/log": "^3.0@dev",
                "yiisoft/view": "^3.0@dev",
                "yiisoft/yii-core": "^3.0@dev",
                "yiisoft/yii-web": "^3.0@dev"
            },
            "type": "library",
            "extra": {
                "branch-alias": {
                    "dev-master": "3.0.x-dev"
                },
                "config-plugin": {
                    "params": "config/params.php",
                    "common": "config/common.php"
                }
            },
            "autoload": {
                "psr-4": {
                    "yii\\cache\\": "src",
                    "yii\\cache\\tests\\": "tests"
                }
            },
            "notification-url": "https://packagist.org/downloads/",
            "license": [
                "BSD-3-Clause"
            ],
            "authors": [
                {
                    "name": "Qiang Xue",
                    "email": "qiang.xue@gmail.com",
                    "homepage": "http://www.yiiframework.com/",
                    "role": "Founder and project lead"
                },
                {
                    "name": "Alexander Makarov",
                    "email": "sam@rmcreative.ru",
                    "homepage": "http://rmcreative.ru/",
                    "role": "Core framework development"
                },
                {
                    "name": "Maurizio Domba",
                    "homepage": "http://mdomba.info/",
                    "role": "Core framework development"
                },
                {
                    "name": "Carsten Brandt",
                    "email": "mail@cebe.cc",
                    "homepage": "http://cebe.cc/",
                    "role": "Core framework development"
                },
                {
                    "name": "Timur Ruziev",
                    "email": "resurtm@gmail.com",
                    "homepage": "http://resurtm.com/",
                    "role": "Core framework development"
                },
                {
                    "name": "Paul Klimov",
                    "email": "klimov.paul@gmail.com",
                    "role": "Core framework development"
                },
                {
                    "name": "Dmitry Naumenko",
                    "email": "d.naumenko.a@gmail.com",
                    "role": "Core framework development"
                },
                {
                    "name": "Boudewijn Vahrmeijer",
                    "email": "info@dynasource.eu",
                    "homepage": "http://dynasource.eu",
                    "role": "Core framework development"
                }
            ],
            "description": "Yii Caching Library",
            "homepage": "http://www.yiiframework.com/",
            "keywords": [
                "cache",
                "yii"
            ],
            "time": "2018-10-23T21:07:04+00:00"
        },
        {
            "name": "yiisoft/di",
            "version": "dev-master",
            "source": {
                "type": "git",
                "url": "https://github.com/yiisoft/di.git",
                "reference": "a065a5640ca93351e9098f05d7e93ebfafe3cefa"
            },
            "dist": {
                "type": "zip",
                "url": "https://api.github.com/repos/yiisoft/di/zipball/a065a5640ca93351e9098f05d7e93ebfafe3cefa",
                "reference": "a065a5640ca93351e9098f05d7e93ebfafe3cefa",
                "shasum": ""
            },
            "require": {
                "php": "^7.1.0",
                "psr/container": "1.0.0"
            },
            "provide": {
                "psr/container-implementation": "1.0.0"
            },
            "require-dev": {
                "phpunit/phpunit": "^7.2",
                "squizlabs/php_codesniffer": "^3.2"
            },
            "type": "library",
            "extra": {
                "branch-alias": {
                    "dev-master": "3.0.x-dev"
                }
            },
            "autoload": {
                "psr-4": {
                    "yii\\di\\": "src"
                }
            },
            "notification-url": "https://packagist.org/downloads/",
            "license": [
                "BSD-3-Clause"
            ],
            "authors": [
                {
                    "name": "Alexander Makarov",
                    "email": "sam@rmcreative.ru",
                    "homepage": "http://rmcreative.ru/",
                    "role": "Core framework development"
                }
            ],
            "description": "Yii DI container",
            "homepage": "http://www.yiiframework.com/",
            "keywords": [
                "Autowiring",
                "PSR-11",
                "container",
                "dependency",
                "di",
                "injection",
                "injector"
            ],
            "time": "2018-10-31T17:05:02+00:00"
        },
        {
            "name": "yiisoft/log",
            "version": "dev-master",
            "source": {
                "type": "git",
                "url": "https://github.com/yiisoft/log.git",
                "reference": "0a90d1b85543bbee711a1d0a7c081216054b5926"
            },
            "dist": {
                "type": "zip",
                "url": "https://api.github.com/repos/yiisoft/log/zipball/0a90d1b85543bbee711a1d0a7c081216054b5926",
                "reference": "0a90d1b85543bbee711a1d0a7c081216054b5926",
                "shasum": ""
            },
            "require": {
                "psr/log": "~1.0.2"
            },
            "provide": {
                "psr/log-implementation": "1.0.0"
            },
            "require-dev": {
                "hiqdev/composer-config-plugin": "^1.0@dev",
                "yiisoft/cache": "^3.0@dev",
                "yiisoft/db": "^3.0@dev",
                "yiisoft/di": "^3.0@dev",
                "yiisoft/view": "^3.0@dev",
                "yiisoft/yii-core": "^3.0@dev",
                "yiisoft/yii-web": "^3.0@dev"
            },
            "suggest": {
                "yiisoft/db": "version ^3.0 for saving logs to data base"
            },
            "type": "library",
            "extra": {
                "branch-alias": {
                    "dev-master": "3.0.x-dev"
                },
                "config-plugin": {
                    "params": "config/params.php",
                    "common": "config/common.php"
                }
            },
            "autoload": {
                "psr-4": {
                    "yii\\log\\": "src"
                }
            },
            "notification-url": "https://packagist.org/downloads/",
            "license": [
                "BSD-3-Clause"
            ],
            "authors": [
                {
                    "name": "Qiang Xue",
                    "email": "qiang.xue@gmail.com",
                    "homepage": "http://www.yiiframework.com/",
                    "role": "Founder and project lead"
                },
                {
                    "name": "Alexander Makarov",
                    "email": "sam@rmcreative.ru",
                    "homepage": "http://rmcreative.ru/",
                    "role": "Core framework development"
                },
                {
                    "name": "Maurizio Domba",
                    "homepage": "http://mdomba.info/",
                    "role": "Core framework development"
                },
                {
                    "name": "Carsten Brandt",
                    "email": "mail@cebe.cc",
                    "homepage": "http://cebe.cc/",
                    "role": "Core framework development"
                },
                {
                    "name": "Timur Ruziev",
                    "email": "resurtm@gmail.com",
                    "homepage": "http://resurtm.com/",
                    "role": "Core framework development"
                },
                {
                    "name": "Paul Klimov",
                    "email": "klimov.paul@gmail.com",
                    "role": "Core framework development"
                },
                {
                    "name": "Dmitry Naumenko",
                    "email": "d.naumenko.a@gmail.com",
                    "role": "Core framework development"
                },
                {
                    "name": "Boudewijn Vahrmeijer",
                    "email": "info@dynasource.eu",
                    "homepage": "http://dynasource.eu",
                    "role": "Core framework development"
                }
            ],
            "description": "Yii Logging Library",
            "homepage": "http://www.yiiframework.com/",
            "keywords": [
                "framework",
                "log",
                "logger",
                "yii"
            ],
            "time": "2018-10-14T17:43:25+00:00"
        },
        {
            "name": "yiisoft/view",
            "version": "dev-master",
            "source": {
                "type": "git",
                "url": "https://github.com/yiisoft/view.git",
                "reference": "5eccf5b1a9f31861630a359191d2496318e3bfad"
            },
            "dist": {
                "type": "zip",
                "url": "https://api.github.com/repos/yiisoft/view/zipball/5eccf5b1a9f31861630a359191d2496318e3bfad",
                "reference": "5eccf5b1a9f31861630a359191d2496318e3bfad",
                "shasum": ""
            },
            "require-dev": {
                "friendsofphp/php-cs-fixer": "^2.2",
                "hiqdev/composer-config-plugin": "^1.0@dev",
                "phpunit/phpunit": "^7.3",
                "yiisoft/cache": "^3.0@dev",
                "yiisoft/di": "^3.0@dev",
                "yiisoft/log": "^3.0@dev",
                "yiisoft/yii-core": "^3.0@dev",
                "yiisoft/yii-web": "^3.0@dev"
            },
            "suggest": {
                "yiisoft/yii-core": "^3.0"
            },
            "type": "library",
            "extra": {
                "branch-alias": {
                    "dev-master": "3.0.x-dev"
                },
                "config-plugin": {
                    "tests": [
                        "$web",
                        "config/tests.php"
                    ]
                }
            },
            "autoload": {
                "psr-4": {
                    "yii\\view\\": "src/view",
                    "yii\\widgets\\": "src/widgets"
                }
            },
            "notification-url": "https://packagist.org/downloads/",
            "license": [
                "BSD-3-Clause"
            ],
            "authors": [
                {
                    "name": "Qiang Xue",
                    "email": "qiang.xue@gmail.com",
                    "homepage": "http://www.yiiframework.com/",
                    "role": "Founder and project lead"
                },
                {
                    "name": "Alexander Makarov",
                    "email": "sam@rmcreative.ru",
                    "homepage": "http://rmcreative.ru/",
                    "role": "Core framework development"
                },
                {
                    "name": "Maurizio Domba",
                    "homepage": "http://mdomba.info/",
                    "role": "Core framework development"
                },
                {
                    "name": "Carsten Brandt",
                    "email": "mail@cebe.cc",
                    "homepage": "http://cebe.cc/",
                    "role": "Core framework development"
                },
                {
                    "name": "Timur Ruziev",
                    "email": "resurtm@gmail.com",
                    "homepage": "http://resurtm.com/",
                    "role": "Core framework development"
                },
                {
                    "name": "Paul Klimov",
                    "email": "klimov.paul@gmail.com",
                    "role": "Core framework development"
                },
                {
                    "name": "Dmitry Naumenko",
                    "email": "d.naumenko.a@gmail.com",
                    "role": "Core framework development"
                },
                {
                    "name": "Boudewijn Vahrmeijer",
                    "email": "info@dynasource.eu",
                    "homepage": "http://dynasource.eu",
                    "role": "Core framework development"
                }
            ],
            "description": "Yii View Rendering Library",
            "homepage": "http://www.yiiframework.com/",
            "keywords": [
                "view",
                "yii"
            ],
            "time": "2018-10-08T09:23:10+00:00"
        },
        {
            "name": "yiisoft/yii-console",
            "version": "dev-master",
            "source": {
                "type": "git",
                "url": "https://github.com/yiisoft/yii-console.git",
                "reference": "56ce5310d1febf3884529141146e4b6fd5eeae3a"
            },
            "dist": {
                "type": "zip",
                "url": "https://api.github.com/repos/yiisoft/yii-console/zipball/56ce5310d1febf3884529141146e4b6fd5eeae3a",
                "reference": "56ce5310d1febf3884529141146e4b6fd5eeae3a",
                "shasum": ""
            },
            "require": {
                "yiisoft/yii-core": "^3.0@dev"
            },
            "require-dev": {
                "cebe/markdown": "^1.2",
                "hiqdev/composer-config-plugin": "^1.0@dev",
                "yiisoft/cache": "^3.0@dev",
                "yiisoft/db": "^3.0@dev",
                "yiisoft/db-mysql": "^3.0@dev",
                "yiisoft/db-sqlite": "^3.0@dev",
                "yiisoft/di": "^3.0@dev",
                "yiisoft/log": "^3.0@dev",
                "yiisoft/view": "^3.0@dev",
                "yiisoft/yii-web": "^3.0@dev"
            },
            "bin": [
                "bin/yii"
            ],
            "type": "library",
            "extra": {
                "branch-alias": {
                    "dev-master": "3.0.x-dev"
                },
                "config-plugin": {
                    "params": "config/params.php",
                    "console": "config/console.php",
                    "tests": [
                        "$console"
                    ]
                }
            },
            "autoload": {
                "psr-4": {
                    "yii\\console\\": "src"
                }
            },
            "notification-url": "https://packagist.org/downloads/",
            "license": [
                "BSD-3-Clause"
            ],
            "authors": [
                {
                    "name": "Qiang Xue",
                    "email": "qiang.xue@gmail.com",
                    "homepage": "http://www.yiiframework.com/",
                    "role": "Founder and project lead"
                },
                {
                    "name": "Alexander Makarov",
                    "email": "sam@rmcreative.ru",
                    "homepage": "http://rmcreative.ru/",
                    "role": "Core framework development"
                },
                {
                    "name": "Maurizio Domba",
                    "homepage": "http://mdomba.info/",
                    "role": "Core framework development"
                },
                {
                    "name": "Carsten Brandt",
                    "email": "mail@cebe.cc",
                    "homepage": "http://cebe.cc/",
                    "role": "Core framework development"
                },
                {
                    "name": "Timur Ruziev",
                    "email": "resurtm@gmail.com",
                    "homepage": "http://resurtm.com/",
                    "role": "Core framework development"
                },
                {
                    "name": "Paul Klimov",
                    "email": "klimov.paul@gmail.com",
                    "role": "Core framework development"
                },
                {
                    "name": "Dmitry Naumenko",
                    "email": "d.naumenko.a@gmail.com",
                    "role": "Core framework development"
                },
                {
                    "name": "Boudewijn Vahrmeijer",
                    "email": "info@dynasource.eu",
                    "homepage": "http://dynasource.eu",
                    "role": "Core framework development"
                }
            ],
            "description": "Yii Framework Console Extension",
            "homepage": "http://www.yiiframework.com/",
            "keywords": [
                "console",
                "yii"
            ],
            "time": "2018-10-21T17:19:32+00:00"
        },
        {
            "name": "yiisoft/yii-core",
            "version": "dev-master",
            "source": {
                "type": "git",
                "url": "https://github.com/yiisoft/yii-core.git",
                "reference": "d7e670f8737f96f137d929b60da33938edb371f3"
            },
            "dist": {
                "type": "zip",
                "url": "https://api.github.com/repos/yiisoft/yii-core/zipball/d7e670f8737f96f137d929b60da33938edb371f3",
                "reference": "d7e670f8737f96f137d929b60da33938edb371f3",
                "shasum": ""
            },
            "require": {
                "ext-ctype": "*",
                "ext-mbstring": "*",
                "lib-pcre": "*",
                "php": ">=7.1.0",
                "psr/container-implementation": "^1.0",
                "psr/log-implementation": "^1.0",
                "psr/simple-cache-implementation": "^1.0"
            },
            "conflict": {
                "yiisoft/yii2": "*",
                "yiisoft/yii2-dev": "*"
            },
            "require-dev": {
                "ezyang/htmlpurifier": "^4.6",
                "hiqdev/composer-config-plugin": "^1.0@dev",
                "phpunit/phpunit": "^7.2",
                "yiisoft/cache": "^3.0@dev",
                "yiisoft/db": "^3.0@dev",
                "yiisoft/db-sqlite": "^3.0@dev",
                "yiisoft/di": "^3.0@dev",
                "yiisoft/log": "^3.0@dev",
                "yiisoft/view": "^3.0@dev",
                "yiisoft/yii-console": "^3.0@dev",
                "yiisoft/yii-web": "^3.0@dev"
            },
            "suggest": {
                "ext-intl": "Required for advanced i18n",
                "ezyang/htmlpurifier": "Version '^4.6' is required at 'yii\\helpers\\HtmlPurifier' for 'html' data format support (e.g. 'yii\\i18n\\Formatter:asHtml()' and 'yii\\helpers\\StringHelper::truncateHtml()')",
                "yiisoft/cache": "Caching implementation",
                "yiisoft/db": "Required for i18n DbMessageSource",
                "yiisoft/di": "DI container implementation",
                "yiisoft/log": "Logging implementation"
            },
            "type": "library",
            "extra": {
                "branch-alias": {
                    "dev-master": "3.0.x-dev"
                },
                "config-plugin": {
                    "defines": "config/defines.php",
                    "params": "config/params.php",
                    "common": "config/common.php",
                    "console": "$common",
                    "web": "$common",
                    "tests": [
                        "$console",
                        "config/tests.php"
                    ]
                }
            },
            "autoload": {
                "psr-4": {
                    "yii\\": "src",
                    "yii\\tests\\": "tests"
                }
            },
            "notification-url": "https://packagist.org/downloads/",
            "license": [
                "BSD-3-Clause"
            ],
            "authors": [
                {
                    "name": "Qiang Xue",
                    "email": "qiang.xue@gmail.com",
                    "homepage": "http://www.yiiframework.com/",
                    "role": "Founder and project lead"
                },
                {
                    "name": "Alexander Makarov",
                    "email": "sam@rmcreative.ru",
                    "homepage": "http://rmcreative.ru/",
                    "role": "Core framework development"
                },
                {
                    "name": "Maurizio Domba",
                    "homepage": "http://mdomba.info/",
                    "role": "Core framework development"
                },
                {
                    "name": "Carsten Brandt",
                    "email": "mail@cebe.cc",
                    "homepage": "http://cebe.cc/",
                    "role": "Core framework development"
                },
                {
                    "name": "Timur Ruziev",
                    "email": "resurtm@gmail.com",
                    "homepage": "http://resurtm.com/",
                    "role": "Core framework development"
                },
                {
                    "name": "Paul Klimov",
                    "email": "klimov.paul@gmail.com",
                    "role": "Core framework development"
                },
                {
                    "name": "Dmitry Naumenko",
                    "email": "d.naumenko.a@gmail.com",
                    "role": "Core framework development"
                },
                {
                    "name": "Boudewijn Vahrmeijer",
                    "email": "info@dynasource.eu",
                    "homepage": "http://dynasource.eu",
                    "role": "Core framework development"
                }
            ],
            "description": "Yii Framework Core",
            "homepage": "http://www.yiiframework.com/",
            "keywords": [
                "framework",
                "yii"
            ],
            "time": "2018-10-30T23:16:03+00:00"
        },
        {
            "name": "yiisoft/yii-twig",
            "version": "dev-master",
            "source": {
                "type": "git",
                "url": "https://github.com/yiisoft/yii-twig.git",
                "reference": "04798aaf2fc39ea50fb054d3bf8e798ccd55e869"
            },
            "dist": {
                "type": "zip",
                "url": "https://api.github.com/repos/yiisoft/yii-twig/zipball/04798aaf2fc39ea50fb054d3bf8e798ccd55e869",
                "reference": "04798aaf2fc39ea50fb054d3bf8e798ccd55e869",
                "shasum": ""
            },
            "require": {
                "twig/twig": "~2.0",
                "yiisoft/yii-core": "^3.0"
            },
            "require-dev": {
                "phpunit/phpunit": "^7.3",
                "yiisoft/cache": "dev-master",
                "yiisoft/di": "dev-master",
                "yiisoft/log": "dev-master",
                "yiisoft/yii-core": "dev-master"
            },
            "type": "library",
            "extra": {
                "branch-alias": {
                    "dev-master": "3.0.x-dev"
                }
            },
            "autoload": {
                "psr-4": {
                    "yii\\twig\\": "src/"
                }
            },
            "notification-url": "https://packagist.org/downloads/",
            "license": [
                "BSD-3-Clause"
            ],
            "authors": [
                {
                    "name": "Alexander Makarov",
                    "email": "sam@rmcreative.ru"
                }
            ],
            "description": "Yii Framework Twig Extension",
            "keywords": [
                "renderer",
                "twig",
                "yii"
            ],
            "time": "2018-10-27T23:28:05+00:00"
        }
    ],
    "packages-dev": [
        {
            "name": "hiqdev/composer-config-plugin",
            "version": "dev-master",
            "source": {
                "type": "git",
                "url": "https://github.com/hiqdev/composer-config-plugin.git",
                "reference": "bf494301da8bb91ca98883b6fd140a211deacc33"
            },
            "dist": {
                "type": "zip",
                "url": "https://api.github.com/repos/hiqdev/composer-config-plugin/zipball/bf494301da8bb91ca98883b6fd140a211deacc33",
                "reference": "bf494301da8bb91ca98883b6fd140a211deacc33",
                "shasum": ""
            },
            "require": {
                "composer-plugin-api": "^1.0",
                "php": ">=7.0.0"
            },
            "require-dev": {
                "composer/composer": "~1.0@dev"
            },
            "suggest": {
                "symfony/yaml": "^2.0 || ^3.0 || ^4.0 for YAML files support",
                "vlucas/phpdotenv": "^2.0 for `.env` files support"
            },
            "type": "composer-plugin",
            "extra": {
                "class": "hiqdev\\composer\\config\\Plugin",
                "branch-alias": {
                    "dev-master": "1.0.x-dev"
                }
            },
            "autoload": {
                "psr-4": {
                    "hiqdev\\composer\\config\\": "src"
                }
            },
            "notification-url": "https://packagist.org/downloads/",
            "license": [
                "BSD-3-Clause"
            ],
            "authors": [
                {
                    "name": "Andrii Vasyliev",
                    "email": "sol@hiqdev.com",
                    "homepage": "http://hipanel.com/",
                    "role": "Project lead"
                },
                {
                    "name": "Dmitry Naumenko",
                    "email": "d.naumenko.a@gmail.com",
                    "homepage": "http://silverfire.me/",
                    "role": "Lead backend developer"
                },
                {
                    "name": "Andrey Klochok",
                    "email": "andreyklochok@gmail.com",
                    "homepage": "http://hiqdev.com/",
                    "role": "Lead frontend developer"
                },
                {
                    "name": "Yuriy Myronchuk",
                    "email": "bladeroot@gmail.com",
                    "homepage": "http://hiqdev.com/",
                    "role": "QA Lead"
                }
            ],
            "description": "Composer plugin for config assembling",
            "homepage": "https://github.com/hiqdev/composer-config-plugin",
            "keywords": [
                "assembling",
                "composer",
                "config",
                "plugin"
            ],
            "time": "2018-10-08T07:09:48+00:00"
        }
    ],
    "aliases": [],
    "minimum-stability": "stable",
    "stability-flags": {
        "yiisoft/yii-core": 20,
        "yiisoft/yii-console": 20,
        "yiisoft/yii-twig": 20,
        "yiisoft/di": 20,
        "yiisoft/log": 20,
        "yiisoft/view": 20,
        "yiisoft/cache": 20,
        "hiqdev/composer-config-plugin": 20
    },
    "prefer-stable": false,
    "prefer-lowest": false,
    "platform": [],
    "platform-dev": []
}
